# THIS IS AN AUTOGENERATED FILE. DO NOT EDIT THIS FILE DIRECTLY.
# yarn lockfile v1


codemirror@^5.28.0:
  version "5.28.0"
  resolved "https://registry.yarnpkg.com/codemirror/-/codemirror-5.28.0.tgz#2978d9280d671351a4f5737d06bbd681a0fd6f83"

monaco-editor@^0.9.0:
  version "0.9.0"
  resolved "https://registry.yarnpkg.com/monaco-editor/-/monaco-editor-0.9.0.tgz#c50c53251c47b7ff12e09f0f83cfd32a44dfe6ec"
